
Microsoft Visual Studio Solution File, Format Version 12.00
# Visual Studio 15
VisualStudioVersion = 15.0.28010.2050
MinimumVisualStudioVersion = 10.0.40219.1
Project("{FAE04EC0-301F-11D3-BF4B-00C04F79EFBC}") = "ExamApp", "ExamApp\ExamApp.csproj", "{370DD9D7-3B5F-4011-86DA-F6908CF78937}"
EndProject
Global
	GlobalSection(SolutionConfigurationPlatforms) = preSolution
		Debug|Any CPU = Debug|Any CPU
		Release|Any CPU = Release|Any CPU
	EndGlobalSection
	GlobalSection(ProjectConfigurationPlatforms) = postSolution
		{370DD9D7-3B5F-4011-86DA-F6908CF78937}.Debug|Any CPU.ActiveCfg = Debug|Any CPU
		{370DD9D7-3B5F-4011-86DA-F6908CF78937}.Debug|Any CPU.Build.0 = Debug|Any CPU
		{370DD9D7-3B5F-4011-86DA-F6908CF78937}.Release|Any CPU.ActiveCfg = Release|Any CPU
		{370DD9D7-3B5F-4011-86DA-F6908CF78937}.Release|Any CPU.Build.0 = Release|Any CPU
	EndGlobalSection
	GlobalSection(SolutionProperties) = preSolution
		HideSolutionNode = FALSE
	EndGlobalSection
	GlobalSection(ExtensibilityGlobals) = postSolution
		SolutionGuid = {A1129BEF-7F1F-42D3-8488-70F74388CE07}
	EndGlobalSection
EndGlobal
